// !$*UTF8*$!
{
	archiveVersion = 1;
	classes = {
	};
	objectVersion = 77;
	objects = {

/* Begin PBXBuildFile section */
		8F996BE72F16D59D00B0946E /* FirebaseAuth in Frameworks */ = {isa = PBXBuildFile; productRef = 8F996BE62F16D59D00B0946E /* FirebaseAuth */; };
		8F996BE92F16D59D00B0946E /* FirebaseDatabase in Frameworks */ = {isa = PBXBuildFile; productRef = 8F996BE82F16D59D00B0946E /* FirebaseDatabase */; };
		8F996BEB2F16D59D00B0946E /* FirebaseMessaging in Frameworks */ = {isa = PBXBuildFile; productRef = 8F996BEA2F16D59D00B0946E /* FirebaseMessaging */; };
		8FEFD4362F1E7E7000ED4750 /* AppsFlyerLib in Frameworks */ = {isa = PBXBuildFile; productRef = 8FEFD4352F1E7E7000ED4750 /* AppsFlyerLib */; };
		8FEFD46B2F1E843B00ED4750 /* NotifServiceApplicationExt.appex in Embed Foundation Extensions */ = {isa = PBXBuildFile; fileRef = 8FEFD4642F1E843B00ED4750 /* NotifServiceApplicationExt.appex */; settings = {ATTRIBUTES = (RemoveHeadersOnCopy, ); }; };
		8FEFD4732F1E844100ED4750 /* FirebaseMessaging in Frameworks */ = {isa = PBXBuildFile; productRef = 8FEFD4722F1E844100ED4750 /* FirebaseMessaging */; };
/* End PBXBuildFile section */

/* Begin PBXContainerItemProxy section */
		8FEFD4692F1E843B00ED4750 /* PBXContainerItemProxy */ = {
			isa = PBXContainerItemProxy;
			containerPortal = 8F996BCC2F16D54D00B0946E /* Project object */;
			proxyType = 1;
			remoteGlobalIDString = 8FEFD4632F1E843B00ED4750;
			remoteInfo = NotifServiceApplicationExt;
		};
/* End PBXContainerItemProxy section */

/* Begin PBXCopyFilesBuildPhase section */
		8FEFD4702F1E843B00ED4750 /* Embed Foundation Extensions */ = {
			isa = PBXCopyFilesBuildPhase;
			buildActionMask = 2147483647;
			dstPath = "";
			dstSubfolderSpec = 13;
			files = (
				8FEFD46B2F1E843B00ED4750 /* NotifServiceApplicationExt.appex in Embed Foundation Extensions */,
			);
			name = "Embed Foundation Extensions";
			runOnlyForDeploymentPostprocessing = 0;
		};
/* End PBXCopyFilesBuildPhase section */

/* Begin PBXFileReference section */
		8F996BD42F16D54D00B0946E /* FishVaultPro.app */ = {isa = PBXFileReference; explicitFileType = wrapper.application; includeInIndex = 0; path = FishVaultPro.app; sourceTree = BUILT_PRODUCTS_DIR; };
		8FEFD4642F1E843B00ED4750 /* NotifServiceApplicationExt.appex */ = {isa = PBXFileReference; explicitFileType = "wrapper.app-extension"; includeInIndex = 0; path = NotifServiceApplicationExt.appex; sourceTree = BUILT_PRODUCTS_DIR; };
/* End PBXFileReference section */

/* Begin PBXFileSystemSynchronizedBuildFileExceptionSet section */
		8FEFD44B2F1E83AD00ED4750 /* Exceptions for "FishVaultPro" folder in "FishVaultPro" target */ = {
			isa = PBXFileSystemSynchronizedBuildFileExceptionSet;
			membershipExceptions = (
				Info.plist,
			);
			target = 8F996BD32F16D54D00B0946E /* FishVaultPro */;
		};
		8FEFD46F2F1E843B00ED4750 /* Exceptions for "NotifServiceApplicationExt" folder in "NotifServiceApplicationExt" target */ = {
			isa = PBXFileSystemSynchronizedBuildFileExceptionSet;
			membershipExceptions = (
				Info.plist,
			);
			target = 8FEFD4632F1E843B00ED4750 /* NotifServiceApplicationExt */;
		};
/* End PBXFileSystemSynchronizedBuildFileExceptionSet section */

/* Begin PBXFileSystemSynchronizedRootGroup section */
		8F996BD62F16D54D00B0946E /* FishVaultPro */ = {
			isa = PBXFileSystemSynchronizedRootGroup;
			exceptions = (
				8FEFD44B2F1E83AD00ED4750 /* Exceptions for "FishVaultPro" folder in "FishVaultPro" target */,
			);
			path = FishVaultPro;
			sourceTree = "<group>";
		};
		8FEFD4652F1E843B00ED4750 /* NotifServiceApplicationExt */ = {
			isa = PBXFileSystemSynchronizedRootGroup;
			exceptions = (
				8FEFD46F2F1E843B00ED4750 /* Exceptions for "NotifServiceApplicationExt" folder in "NotifServiceApplicationExt" target */,
			);
			path = NotifServiceApplicationExt;
			sourceTree = "<group>";
		};
/* End PBXFileSystemSynchronizedRootGroup section */

/* Begin PBXFrameworksBuildPhase section */
		8F996BD12F16D54D00B0946E /* Frameworks */ = {
			isa = PBXFrameworksBuildPhase;
			buildActionMask = 2147483647;
			files = (
				8F996BEB2F16D59D00B0946E /* FirebaseMessaging in Frameworks */,
				8FEFD4362F1E7E7000ED4750 /* AppsFlyerLib in Frameworks */,
				8F996BE92F16D59D00B0946E /* FirebaseDatabase in Frameworks */,
				8F996BE72F16D59D00B0946E /* FirebaseAuth in Frameworks */,
			);
			runOnlyForDeploymentPostprocessing = 0;
		};
		8FEFD4612F1E843B00ED4750 /* Frameworks */ = {
			isa = PBXFrameworksBuildPhase;
			buildActionMask = 2147483647;
			files = (
				8FEFD4732F1E844100ED4750 /* FirebaseMessaging in Frameworks */,
			);
			runOnlyForDeploymentPostprocessing = 0;
		};
/* End PBXFrameworksBuildPhase section */

/* Begin PBXGroup section */
		8F996BCB2F16D54D00B0946E = {
			isa = PBXGroup;
			children = (
				8F996BD62F16D54D00B0946E /* FishVaultPro */,
				8FEFD4652F1E843B00ED4750 /* NotifServiceApplicationExt */,
				8FEFD4712F1E844100ED4750 /* Frameworks */,
				8F996BD52F16D54D00B0946E /* Products */,
			);
			sourceTree = "<group>";
		};
		8F996BD52F16D54D00B0946E /* Products */ = {
			isa = PBXGroup;
			children = (
				8F996BD42F16D54D00B0946E /* FishVaultPro.app */,
				8FEFD4642F1E843B00ED4750 /* NotifServiceApplicationExt.appex */,
			);
			name = Products;
			sourceTree = "<group>";
		};
		8FEFD4712F1E844100ED4750 /* Frameworks */ = {
			isa = PBXGroup;
			children = (
			);
			name = Frameworks;
			sourceTree = "<group>";
		};
/* End PBXGroup section */

/* Begin PBXNativeTarget section */
		8F996BD32F16D54D00B0946E /* FishVaultPro */ = {
			isa = PBXNativeTarget;
			buildConfigurationList = 8F996BE02F16D54F00B0946E /* Build configuration list for PBXNativeTarget "FishVaultPro" */;
			buildPhases = (
				8F996BD02F16D54D00B0946E /* Sources */,
				8F996BD12F16D54D00B0946E /* Frameworks */,
				8F996BD22F16D54D00B0946E /* Resources */,
				8FEFD4702F1E843B00ED4750 /* Embed Foundation Extensions */,
			);
			buildRules = (
			);
			dependencies = (
				8FEFD46A2F1E843B00ED4750 /* PBXTargetDependency */,
			);
			fileSystemSynchronizedGroups = (
				8F996BD62F16D54D00B0946E /* FishVaultPro */,
			);
			name = FishVaultPro;
			packageProductDependencies = (
				8F996BE62F16D59D00B0946E /* FirebaseAuth */,
				8F996BE82F16D59D00B0946E /* FirebaseDatabase */,
				8F996BEA2F16D59D00B0946E /* FirebaseMessaging */,
				8FEFD4352F1E7E7000ED4750 /* AppsFlyerLib */,
			);
			productName = FishVaultPro;
			productReference = 8F996BD42F16D54D00B0946E /* FishVaultPro.app */;
			productType = "com.apple.product-type.application";
		};
		8FEFD4632F1E843B00ED4750 /* NotifServiceApplicationExt */ = {
			isa = PBXNativeTarget;
			buildConfigurationList = 8FEFD46C2F1E843B00ED4750 /* Build configuration list for PBXNativeTarget "NotifServiceApplicationExt" */;
			buildPhases = (
				8FEFD4602F1E843B00ED4750 /* Sources */,
				8FEFD4612F1E843B00ED4750 /* Frameworks */,
				8FEFD4622F1E843B00ED4750 /* Resources */,
			);
			buildRules = (
			);
			dependencies = (
			);
			fileSystemSynchronizedGroups = (
				8FEFD4652F1E843B00ED4750 /* NotifServiceApplicationExt */,
			);
			name = NotifServiceApplicationExt;
			packageProductDependencies = (
				8FEFD4722F1E844100ED4750 /* FirebaseMessaging */,
			);
			productName = NotifServiceApplicationExt;
			productReference = 8FEFD4642F1E843B00ED4750 /* NotifServiceApplicationExt.appex */;
			productType = "com.apple.product-type.app-extension";
		};
/* End PBXNativeTarget section */

/* Begin PBXProject section */
		8F996BCC2F16D54D00B0946E /* Project object */ = {
			isa = PBXProject;
			attributes = {
				BuildIndependentTargetsInParallel = 1;
				LastSwiftUpdateCheck = 1640;
				LastUpgradeCheck = 1640;
				TargetAttributes = {
					8F996BD32F16D54D00B0946E = {
						CreatedOnToolsVersion = 16.4;
					};
					8FEFD4632F1E843B00ED4750 = {
						CreatedOnToolsVersion = 16.4;
					};
				};
			};
			buildConfigurationList = 8F996BCF2F16D54D00B0946E /* Build configuration list for PBXProject "FishVaultPro" */;
			developmentRegion = en;
			hasScannedForEncodings = 0;
			knownRegions = (
				en,
				Base,
			);
			mainGroup = 8F996BCB2F16D54D00B0946E;
			minimizedProjectReferenceProxies = 1;
			packageReferences = (
				8F996BE52F16D59D00B0946E /* XCRemoteSwiftPackageReference "firebase-ios-sdk" */,
				8FEFD4342F1E7E7000ED4750 /* XCRemoteSwiftPackageReference "AppsFlyerFramework" */,
			);
			preferredProjectObjectVersion = 77;
			productRefGroup = 8F996BD52F16D54D00B0946E /* Products */;
			projectDirPath = "";
			projectRoot = "";
			targets = (
				8F996BD32F16D54D00B0946E /* FishVaultPro */,
				8FEFD4632F1E843B00ED4750 /* NotifServiceApplicationExt */,
			);
		};
/* End PBXProject section */

/* Begin PBXResourcesBuildPhase section */
		8F996BD22F16D54D00B0946E /* Resources */ = {
			isa = PBXResourcesBuildPhase;
			buildActionMask = 2147483647;
			files = (
			);
			runOnlyForDeploymentPostprocessing = 0;
		};
		8FEFD4622F1E843B00ED4750 /* Resources */ = {
			isa = PBXResourcesBuildPhase;
			buildActionMask = 2147483647;
			files = (
			);
			runOnlyForDeploymentPostprocessing = 0;
		};
/* End PBXResourcesBuildPhase section */

/* Begin PBXSourcesBuildPhase section */
		8F996BD02F16D54D00B0946E /* Sources */ = {
			isa = PBXSourcesBuildPhase;
			buildActionMask = 2147483647;
			files = (
			);
			runOnlyForDeploymentPostprocessing = 0;
		};
		8FEFD4602F1E843B00ED4750 /* Sources */ = {
			isa = PBXSourcesBuildPhase;
			buildActionMask = 2147483647;
			files = (
			);
			runOnlyForDeploymentPostprocessing = 0;
		};
/* End PBXSourcesBuildPhase section */

/* Begin PBXTargetDependency section */
		8FEFD46A2F1E843B00ED4750 /* PBXTargetDependency */ = {
			isa = PBXTargetDependency;
			target = 8FEFD4632F1E843B00ED4750 /* NotifServiceApplicationExt */;
			targetProxy = 8FEFD4692F1E843B00ED4750 /* PBXContainerItemProxy */;
		};
/* End PBXTargetDependency section */

/* Begin XCBuildConfiguration section */
		8F996BDE2F16D54F00B0946E /* Debug */ = {
			isa = XCBuildConfiguration;
			buildSettings = {
				ALWAYS_SEARCH_USER_PATHS = NO;
				ASSETCATALOG_COMPILER_GENERATE_SWIFT_ASSET_SYMBOL_EXTENSIONS = YES;
				CLANG_ANALYZER_NONNULL = YES;
				CLANG_ANALYZER_NUMBER_OBJECT_CONVERSION = YES_AGGRESSIVE;
				CLANG_CXX_LANGUAGE_STANDARD = "gnu++20";
				CLANG_ENABLE_MODULES = YES;
				CLANG_ENABLE_OBJC_ARC = YES;
				CLANG_ENABLE_OBJC_WEAK = YES;
				CLANG_WARN_BLOCK_CAPTURE_AUTORELEASING = YES;
				CLANG_WARN_BOOL_CONVERSION = YES;
				CLANG_WARN_COMMA = YES;
				CLANG_WARN_CONSTANT_CONVERSION = YES;
				CLANG_WARN_DEPRECATED_OBJC_IMPLEMENTATIONS = YES;
				CLANG_WARN_DIRECT_OBJC_ISA_USAGE = YES_ERROR;
				CLANG_WARN_DOCUMENTATION_COMMENTS = YES;
				CLANG_WARN_EMPTY_BODY = YES;
				CLANG_WARN_ENUM_CONVERSION = YES;
				CLANG_WARN_INFINITE_RECURSION = YES;
				CLANG_WARN_INT_CONVERSION = YES;
				CLANG_WARN_NON_LITERAL_NULL_CONVERSION = YES;
				CLANG_WARN_OBJC_IMPLICIT_RETAIN_SELF = YES;
				CLANG_WARN_OBJC_LITERAL_CONVERSION = YES;
				CLANG_WARN_OBJC_ROOT_CLASS = YES_ERROR;
				CLANG_WARN_QUOTED_INCLUDE_IN_FRAMEWORK_HEADER = YES;
				CLANG_WARN_RANGE_LOOP_ANALYSIS = YES;
				CLANG_WARN_STRICT_PROTOTYPES = YES;
				CLANG_WARN_SUSPICIOUS_MOVE = YES;
				CLANG_WARN_UNGUARDED_AVAILABILITY = YES_AGGRESSIVE;
				CLANG_WARN_UNREACHABLE_CODE = YES;
				CLANG_WARN__DUPLICATE_METHOD_MATCH = YES;
				COPY_PHASE_STRIP = NO;
				DEBUG_INFORMATION_FORMAT = dwarf;
				ENABLE_STRICT_OBJC_MSGSEND = YES;
				ENABLE_TESTABILITY = YES;
				ENABLE_USER_SCRIPT_SANDBOXING = YES;
				GCC_C_LANGUAGE_STANDARD = gnu17;
				GCC_DYNAMIC_NO_PIC = NO;
				GCC_NO_COMMON_BLOCKS = YES;
				GCC_OPTIMIZATION_LEVEL = 0;
				GCC_PREPROCESSOR_DEFINITIONS = (
					"DEBUG=1",
					"$(inherited)",
				);
				GCC_WARN_64_TO_32_BIT_CONVERSION = YES;
				GCC_WARN_ABOUT_RETURN_TYPE = YES_ERROR;
				GCC_WARN_UNDECLARED_SELECTOR = YES;
				GCC_WARN_UNINITIALIZED_AUTOS = YES_AGGRESSIVE;
				GCC_WARN_UNUSED_FUNCTION = YES;
				GCC_WARN_UNUSED_VARIABLE = YES;
				LOCALIZATION_PREFERS_STRING_CATALOGS = YES;
				MTL_ENABLE_DEBUG_INFO = INCLUDE_SOURCE;
				MTL_FAST_MATH = YES;
				ONLY_ACTIVE_ARCH = YES;
				SWIFT_ACTIVE_COMPILATION_CONDITIONS = "DEBUG $(inherited)";
				SWIFT_OPTIMIZATION_LEVEL = "-Onone";
			};
			name = Debug;
		};
		8F996BDF2F16D54F00B0946E /* Release */ = {
			isa = XCBuildConfiguration;
			buildSettings = {
				ALWAYS_SEARCH_USER_PATHS = NO;
				ASSETCATALOG_COMPILER_GENERATE_SWIFT_ASSET_SYMBOL_EXTENSIONS = YES;
				CLANG_ANALYZER_NONNULL = YES;
				CLANG_ANALYZER_NUMBER_OBJECT_CONVERSION = YES_AGGRESSIVE;
				CLANG_CXX_LANGUAGE_STANDARD = "gnu++20";
				CLANG_ENABLE_MODULES = YES;
				CLANG_ENABLE_OBJC_ARC = YES;
				CLANG_ENABLE_OBJC_WEAK = YES;
				CLANG_WARN_BLOCK_CAPTURE_AUTORELEASING = YES;
				CLANG_WARN_BOOL_CONVERSION = YES;
				CLANG_WARN_COMMA = YES;
				CLANG_WARN_CONSTANT_CONVERSION = YES;
				CLANG_WARN_DEPRECATED_OBJC_IMPLEMENTATIONS = YES;
				CLANG_WARN_DIRECT_OBJC_ISA_USAGE = YES_ERROR;
				CLANG_WARN_DOCUMENTATION_COMMENTS = YES;
				CLANG_WARN_EMPTY_BODY = YES;
				CLANG_WARN_ENUM_CONVERSION = YES;
				CLANG_WARN_INFINITE_RECURSION = YES;
				CLANG_WARN_INT_CONVERSION = YES;
				CLANG_WARN_NON_LITERAL_NULL_CONVERSION = YES;
				CLANG_WARN_OBJC_IMPLICIT_RETAIN_SELF = YES;
				CLANG_WARN_OBJC_LITERAL_CONVERSION = YES;
				CLANG_WARN_OBJC_ROOT_CLASS = YES_ERROR;
				CLANG_WARN_QUOTED_INCLUDE_IN_FRAMEWORK_HEADER = YES;
				CLANG_WARN_RANGE_LOOP_ANALYSIS = YES;
				CLANG_WARN_STRICT_PROTOTYPES = YES;
				CLANG_WARN_SUSPICIOUS_MOVE = YES;
				CLANG_WARN_UNGUARDED_AVAILABILITY = YES_AGGRESSIVE;
				CLANG_WARN_UNREACHABLE_CODE = YES;
				CLANG_WARN__DUPLICATE_METHOD_MATCH = YES;
				COPY_PHASE_STRIP = NO;
				DEBUG_INFORMATION_FORMAT = "dwarf-with-dsym";
				ENABLE_NS_ASSERTIONS = NO;
				ENABLE_STRICT_OBJC_MSGSEND = YES;
				ENABLE_USER_SCRIPT_SANDBOXING = YES;
				GCC_C_LANGUAGE_STANDARD = gnu17;
				GCC_NO_COMMON_BLOCKS = YES;
				GCC_WARN_64_TO_32_BIT_CONVERSION = YES;
				GCC_WARN_ABOUT_RETURN_TYPE = YES_ERROR;
				GCC_WARN_UNDECLARED_SELECTOR = YES;
				GCC_WARN_UNINITIALIZED_AUTOS = YES_AGGRESSIVE;
				GCC_WARN_UNUSED_FUNCTION = YES;
				GCC_WARN_UNUSED_VARIABLE = YES;
				LOCALIZATION_PREFERS_STRING_CATALOGS = YES;
				MTL_ENABLE_DEBUG_INFO = NO;
				MTL_FAST_MATH = YES;
				SWIFT_COMPILATION_MODE = wholemodule;
			};
			name = Release;
		};
		8F996BE12F16D54F00B0946E /* Debug */ = {
			isa = XCBuildConfiguration;
			buildSettings = {
				ASSETCATALOG_COMPILER_APPICON_NAME = AppIcon;
				ASSETCATALOG_COMPILER_GLOBAL_ACCENT_COLOR_NAME = AccentColor;
				CODE_SIGN_ENTITLEMENTS = FishVaultPro/FishVaultPro.entitlements;
				CODE_SIGN_STYLE = Automatic;
				CURRENT_PROJECT_VERSION = 1;
				ENABLE_PREVIEWS = YES;
				GENERATE_INFOPLIST_FILE = YES;
				INFOPLIST_FILE = FishVaultPro/Info.plist;
				INFOPLIST_KEY_CFBundleDisplayName = "Fish Vault Pro";
				INFOPLIST_KEY_LSApplicationCategoryType = "public.app-category.utilities";
				INFOPLIST_KEY_NSCameraUsageDescription = "Allow to use it in this application";
				INFOPLIST_KEY_NSUserTrackingUsageDescription = "Fish Vault Pro may use limited technical signals from your device to support secure data storage, maintain app reliability, and improve overall functionality. This information is processed only for internal quality assurance and feature enhancement. We do not use this data to track users across other apps or websites, nor is it shared for third-party advertising.";
				"INFOPLIST_KEY_UIApplicationSceneManifest_Generation[sdk=iphoneos*]" = YES;
				"INFOPLIST_KEY_UIApplicationSceneManifest_Generation[sdk=iphonesimulator*]" = YES;
				"INFOPLIST_KEY_UIApplicationSupportsIndirectInputEvents[sdk=iphoneos*]" = YES;
				"INFOPLIST_KEY_UIApplicationSupportsIndirectInputEvents[sdk=iphonesimulator*]" = YES;
				"INFOPLIST_KEY_UILaunchScreen_Generation[sdk=iphoneos*]" = YES;
				"INFOPLIST_KEY_UILaunchScreen_Generation[sdk=iphonesimulator*]" = YES;
				"INFOPLIST_KEY_UIStatusBarStyle[sdk=iphoneos*]" = UIStatusBarStyleDefault;
				"INFOPLIST_KEY_UIStatusBarStyle[sdk=iphonesimulator*]" = UIStatusBarStyleDefault;
				INFOPLIST_KEY_UISupportedInterfaceOrientations_iPad = "UIInterfaceOrientationPortrait UIInterfaceOrientationPortraitUpsideDown UIInterfaceOrientationLandscapeLeft UIInterfaceOrientationLandscapeRight";
				INFOPLIST_KEY_UISupportedInterfaceOrientations_iPhone = "UIInterfaceOrientationPortrait UIInterfaceOrientationLandscapeLeft UIInterfaceOrientationLandscapeRight";
				IPHONEOS_DEPLOYMENT_TARGET = 16.0;
				LD_RUNPATH_SEARCH_PATHS = "@executable_path/Frameworks";
				"LD_RUNPATH_SEARCH_PATHS[sdk=macosx*]" = "@executable_path/../Frameworks";
				MACOSX_DEPLOYMENT_TARGET = 15.3;
				MARKETING_VERSION = 2.0;
				PRODUCT_BUNDLE_IDENTIFIER = com.proappsfish.FishVaultPro;
				PRODUCT_NAME = "$(TARGET_NAME)";
				REGISTER_APP_GROUPS = YES;
				SDKROOT = auto;
				SUPPORTED_PLATFORMS = "iphoneos iphonesimulator";
				SUPPORTS_MACCATALYST = NO;
				SWIFT_EMIT_LOC_STRINGS = YES;
				SWIFT_VERSION = 5.0;
				TARGETED_DEVICE_FAMILY = 1;
				XROS_DEPLOYMENT_TARGET = 2.5;
			};
			name = Debug;
		};
		8F996BE22F16D54F00B0946E /* Release */ = {
			isa = XCBuildConfiguration;
			buildSettings = {
				ASSETCATALOG_COMPILER_APPICON_NAME = AppIcon;
				ASSETCATALOG_COMPILER_GLOBAL_ACCENT_COLOR_NAME = AccentColor;
				CODE_SIGN_ENTITLEMENTS = FishVaultPro/FishVaultPro.entitlements;
				CODE_SIGN_STYLE = Automatic;
				CURRENT_PROJECT_VERSION = 1;
				ENABLE_PREVIEWS = YES;
				GENERATE_INFOPLIST_FILE = YES;
				INFOPLIST_FILE = FishVaultPro/Info.plist;
				INFOPLIST_KEY_CFBundleDisplayName = "Fish Vault Pro";
				INFOPLIST_KEY_LSApplicationCategoryType = "public.app-category.utilities";
				INFOPLIST_KEY_NSCameraUsageDescription = "Allow to use it in this application";
				INFOPLIST_KEY_NSUserTrackingUsageDescription = "Fish Vault Pro may use limited technical signals from your device to support secure data storage, maintain app reliability, and improve overall functionality. This information is processed only for internal quality assurance and feature enhancement. We do not use this data to track users across other apps or websites, nor is it shared for third-party advertising.";
				"INFOPLIST_KEY_UIApplicationSceneManifest_Generation[sdk=iphoneos*]" = YES;
				"INFOPLIST_KEY_UIApplicationSceneManifest_Generation[sdk=iphonesimulator*]" = YES;
				"INFOPLIST_KEY_UIApplicationSupportsIndirectInputEvents[sdk=iphoneos*]" = YES;
				"INFOPLIST_KEY_UIApplicationSupportsIndirectInputEvents[sdk=iphonesimulator*]" = YES;
				"INFOPLIST_KEY_UILaunchScreen_Generation[sdk=iphoneos*]" = YES;
				"INFOPLIST_KEY_UILaunchScreen_Generation[sdk=iphonesimulator*]" = YES;
				"INFOPLIST_KEY_UIStatusBarStyle[sdk=iphoneos*]" = UIStatusBarStyleDefault;
				"INFOPLIST_KEY_UIStatusBarStyle[sdk=iphonesimulator*]" = UIStatusBarStyleDefault;
				INFOPLIST_KEY_UISupportedInterfaceOrientations_iPad = "UIInterfaceOrientationPortrait UIInterfaceOrientationPortraitUpsideDown UIInterfaceOrientationLandscapeLeft UIInterfaceOrientationLandscapeRight";
				INFOPLIST_KEY_UISupportedInterfaceOrientations_iPhone = "UIInterfaceOrientationPortrait UIInterfaceOrientationLandscapeLeft UIInterfaceOrientationLandscapeRight";
				IPHONEOS_DEPLOYMENT_TARGET = 16.0;
				LD_RUNPATH_SEARCH_PATHS = "@executable_path/Frameworks";
				"LD_RUNPATH_SEARCH_PATHS[sdk=macosx*]" = "@executable_path/../Frameworks";
				MACOSX_DEPLOYMENT_TARGET = 15.3;
				MARKETING_VERSION = 2.0;
				PRODUCT_BUNDLE_IDENTIFIER = com.proappsfish.FishVaultPro;
				PRODUCT_NAME = "$(TARGET_NAME)";
				REGISTER_APP_GROUPS = YES;
				SDKROOT = auto;
				SUPPORTED_PLATFORMS = "iphoneos iphonesimulator";
				SUPPORTS_MACCATALYST = NO;
				SWIFT_EMIT_LOC_STRINGS = YES;
				SWIFT_VERSION = 5.0;
				TARGETED_DEVICE_FAMILY = 1;
				XROS_DEPLOYMENT_TARGET = 2.5;
			};
			name = Release;
		};
		8FEFD46D2F1E843B00ED4750 /* Debug */ = {
			isa = XCBuildConfiguration;
			buildSettings = {
				CODE_SIGN_STYLE = Automatic;
				CURRENT_PROJECT_VERSION = 1;
				GENERATE_INFOPLIST_FILE = YES;
				INFOPLIST_FILE = NotifServiceApplicationExt/Info.plist;
				INFOPLIST_KEY_CFBundleDisplayName = NotifServiceApplicationExt;
				INFOPLIST_KEY_NSHumanReadableCopyright = "";
				IPHONEOS_DEPLOYMENT_TARGET = 16.0;
				LD_RUNPATH_SEARCH_PATHS = (
					"$(inherited)",
					"@executable_path/Frameworks",
					"@executable_path/../../Frameworks",
				);
				MARKETING_VERSION = 1.0;
				PRODUCT_BUNDLE_IDENTIFIER = com.proappsfish.FishVaultPro.NotifServiceApplicationExt;
				PRODUCT_NAME = "$(TARGET_NAME)";
				SDKROOT = iphoneos;
				SKIP_INSTALL = YES;
				SUPPORTED_PLATFORMS = "iphoneos iphonesimulator";
				SUPPORTS_MACCATALYST = NO;
				SUPPORTS_MAC_DESIGNED_FOR_IPHONE_IPAD = NO;
				SUPPORTS_XR_DESIGNED_FOR_IPHONE_IPAD = NO;
				SWIFT_EMIT_LOC_STRINGS = YES;
				SWIFT_VERSION = 5.0;
				TARGETED_DEVICE_FAMILY = 1;
			};
			name = Debug;
		};
		8FEFD46E2F1E843B00ED4750 /* Release */ = {
			isa = XCBuildConfiguration;
			buildSettings = {
				CODE_SIGN_STYLE = Automatic;
				CURRENT_PROJECT_VERSION = 1;
				GENERATE_INFOPLIST_FILE = YES;
				INFOPLIST_FILE = NotifServiceApplicationExt/Info.plist;
				INFOPLIST_KEY_CFBundleDisplayName = NotifServiceApplicationExt;
				INFOPLIST_KEY_NSHumanReadableCopyright = "";
				IPHONEOS_DEPLOYMENT_TARGET = 16.0;
				LD_RUNPATH_SEARCH_PATHS = (
					"$(inherited)",
					"@executable_path/Frameworks",
					"@executable_path/../../Frameworks",
				);
				MARKETING_VERSION = 1.0;
				PRODUCT_BUNDLE_IDENTIFIER = com.proappsfish.FishVaultPro.NotifServiceApplicationExt;
				PRODUCT_NAME = "$(TARGET_NAME)";
				SDKROOT = iphoneos;
				SKIP_INSTALL = YES;
				SUPPORTED_PLATFORMS = "iphoneos iphonesimulator";
				SUPPORTS_MACCATALYST = NO;
				SUPPORTS_MAC_DESIGNED_FOR_IPHONE_IPAD = NO;
				SUPPORTS_XR_DESIGNED_FOR_IPHONE_IPAD = NO;
				SWIFT_EMIT_LOC_STRINGS = YES;
				SWIFT_VERSION = 5.0;
				TARGETED_DEVICE_FAMILY = 1;
				VALIDATE_PRODUCT = YES;
			};
			name = Release;
		};
/* End XCBuildConfiguration section */

/* Begin XCConfigurationList section */
		8F996BCF2F16D54D00B0946E /* Build configuration list for PBXProject "FishVaultPro" */ = {
			isa = XCConfigurationList;
			buildConfigurations = (
				8F996BDE2F16D54F00B0946E /* Debug */,
				8F996BDF2F16D54F00B0946E /* Release */,
			);
			defaultConfigurationIsVisible = 0;
			defaultConfigurationName = Release;
		};
		8F996BE02F16D54F00B0946E /* Build configuration list for PBXNativeTarget "FishVaultPro" */ = {
			isa = XCConfigurationList;
			buildConfigurations = (
				8F996BE12F16D54F00B0946E /* Debug */,
				8F996BE22F16D54F00B0946E /* Release */,
			);
			defaultConfigurationIsVisible = 0;
			defaultConfigurationName = Release;
		};
		8FEFD46C2F1E843B00ED4750 /* Build configuration list for PBXNativeTarget "NotifServiceApplicationExt" */ = {
			isa = XCConfigurationList;
			buildConfigurations = (
				8FEFD46D2F1E843B00ED4750 /* Debug */,
				8FEFD46E2F1E843B00ED4750 /* Release */,
			);
			defaultConfigurationIsVisible = 0;
			defaultConfigurationName = Release;
		};
/* End XCConfigurationList section */

/* Begin XCRemoteSwiftPackageReference section */
		8F996BE52F16D59D00B0946E /* XCRemoteSwiftPackageReference "firebase-ios-sdk" */ = {
			isa = XCRemoteSwiftPackageReference;
			repositoryURL = "https://github.com/firebase/firebase-ios-sdk";
			requirement = {
				kind = upToNextMajorVersion;
				minimumVersion = 12.8.0;
			};
		};
		8FEFD4342F1E7E7000ED4750 /* XCRemoteSwiftPackageReference "AppsFlyerFramework" */ = {
			isa = XCRemoteSwiftPackageReference;
			repositoryURL = "https://github.com/AppsFlyerSDK/AppsFlyerFramework";
			requirement = {
				kind = upToNextMajorVersion;
				minimumVersion = 6.17.8;
			};
		};
/* End XCRemoteSwiftPackageReference section */

/* Begin XCSwiftPackageProductDependency section */
		8F996BE62F16D59D00B0946E /* FirebaseAuth */ = {
			isa = XCSwiftPackageProductDependency;
			package = 8F996BE52F16D59D00B0946E /* XCRemoteSwiftPackageReference "firebase-ios-sdk" */;
			productName = FirebaseAuth;
		};
		8F996BE82F16D59D00B0946E /* FirebaseDatabase */ = {
			isa = XCSwiftPackageProductDependency;
			package = 8F996BE52F16D59D00B0946E /* XCRemoteSwiftPackageReference "firebase-ios-sdk" */;
			productName = FirebaseDatabase;
		};
		8F996BEA2F16D59D00B0946E /* FirebaseMessaging */ = {
			isa = XCSwiftPackageProductDependency;
			package = 8F996BE52F16D59D00B0946E /* XCRemoteSwiftPackageReference "firebase-ios-sdk" */;
			productName = FirebaseMessaging;
		};
		8FEFD4352F1E7E7000ED4750 /* AppsFlyerLib */ = {
			isa = XCSwiftPackageProductDependency;
			package = 8FEFD4342F1E7E7000ED4750 /* XCRemoteSwiftPackageReference "AppsFlyerFramework" */;
			productName = AppsFlyerLib;
		};
		8FEFD4722F1E844100ED4750 /* FirebaseMessaging */ = {
			isa = XCSwiftPackageProductDependency;
			package = 8F996BE52F16D59D00B0946E /* XCRemoteSwiftPackageReference "firebase-ios-sdk" */;
			productName = FirebaseMessaging;
		};
/* End XCSwiftPackageProductDependency section */
	};
	rootObject = 8F996BCC2F16D54D00B0946E /* Project object */;
}
